{
  "name": "12-use-my-npm-package",
  "version": "1.0.0",
  "lockfileVersion": 3,
  "requires": true,
  "packages": {
    "": {
      "name": "12-use-my-npm-package",
      "version": "1.0.0",
      "license": "ISC",
      "dependencies": {
        "password-generator-npm-shaharsol-blue-bottle": "^1.0.0"
      }
    },
    "node_modules/password-generator-npm-shaharsol-blue-bottle": {
      "version": "1.0.0",
      "resolved": "https://registry.npmjs.org/password-generator-npm-shaharsol-blue-bottle/-/password-generator-npm-shaharsol-blue-bottle-1.0.0.tgz",
      "integrity": "sha512-y7NAtO2enu6HuVuZ9HE/1I07DBbNu46pkFwS5NHrZHJqxAnffiGLcOCAsgggAJNBQlTEKOGma4j1tFWvQgpGQA==",
      "license": "ISC"
    }
  }
}
