{
  "name": "12-use-my-npm-package",
  "version": "1.0.0",
  "lockfileVersion": 3,
  "requires": true,
  "packages": {
    "": {
      "name": "12-use-my-npm-package",
      "version": "1.0.0",
      "license": "ISC",
      "dependencies": {
        "password-generator-npm-shaharsol-blue-bottle": "^1.0.0"
      }
    },
    "node_modules/password-generator-npm-shaharsol-blue-bottle": {
      "version": "1.1.0",
      "resolved": "https://registry.npmjs.org/password-generator-npm-shaharsol-blue-bottle/-/password-generator-npm-shaharsol-blue-bottle-1.1.0.tgz",
      "integrity": "sha512-tqk3VwdWx4w7bY2T17C4XNHZGHi453U/EXuHMTlO6Gs2JBmCwFc5pYdBrwIyJn+qOaSZjocp8+2P4ohwX/UpkA==",
      "license": "ISC"
    }
  }
}
